
Microsoft Visual Studio Solution File, Format Version 12.00
# Visual Studio 15
VisualStudioVersion = 15.0.28010.2046
MinimumVisualStudioVersion = 10.0.40219.1
Project("{2150E333-8FDC-42A3-9474-1A3956D46DE8}") = "FrontEnd", "FrontEnd", "{2F432FFF-C2F8-46AF-94BE-3EFCA81CEB43}"
EndProject
Project("{2150E333-8FDC-42A3-9474-1A3956D46DE8}") = "BusinessObject", "BusinessObject", "{65B784D9-6171-4519-BCF3-2ADBDAC85FA7}"
EndProject
Project("{2150E333-8FDC-42A3-9474-1A3956D46DE8}") = "BackEnd", "BackEnd", "{CFDDCD83-C30B-405C-A7C1-0C91DA4802DF}"
EndProject
Project("{FAE04EC0-301F-11D3-BF4B-00C04F79EFBC}") = "BAO", "BAO\BAO.csproj", "{FED974E8-A1B3-417D-8C92-E102CBB35F6E}"
EndProject
Project("{FAE04EC0-301F-11D3-BF4B-00C04F79EFBC}") = "DAO", "DAO\DAO.csproj", "{7A5B980F-88B8-4414-A751-9BA173522C25}"
EndProject
Project("{FAE04EC0-301F-11D3-BF4B-00C04F79EFBC}") = "WebApplication1", "WebApplication1\WebApplication1.csproj", "{2D695FDA-468E-465D-8570-B4C6834CD031}"
EndProject
Global
	GlobalSection(SolutionConfigurationPlatforms) = preSolution
		Debug|Any CPU = Debug|Any CPU
		Release|Any CPU = Release|Any CPU
	EndGlobalSection
	GlobalSection(ProjectConfigurationPlatforms) = postSolution
		{FED974E8-A1B3-417D-8C92-E102CBB35F6E}.Debug|Any CPU.ActiveCfg = Debug|Any CPU
		{FED974E8-A1B3-417D-8C92-E102CBB35F6E}.Debug|Any CPU.Build.0 = Debug|Any CPU
		{FED974E8-A1B3-417D-8C92-E102CBB35F6E}.Release|Any CPU.ActiveCfg = Release|Any CPU
		{FED974E8-A1B3-417D-8C92-E102CBB35F6E}.Release|Any CPU.Build.0 = Release|Any CPU
		{7A5B980F-88B8-4414-A751-9BA173522C25}.Debug|Any CPU.ActiveCfg = Debug|Any CPU
		{7A5B980F-88B8-4414-A751-9BA173522C25}.Debug|Any CPU.Build.0 = Debug|Any CPU
		{7A5B980F-88B8-4414-A751-9BA173522C25}.Release|Any CPU.ActiveCfg = Release|Any CPU
		{7A5B980F-88B8-4414-A751-9BA173522C25}.Release|Any CPU.Build.0 = Release|Any CPU
		{2D695FDA-468E-465D-8570-B4C6834CD031}.Debug|Any CPU.ActiveCfg = Debug|Any CPU
		{2D695FDA-468E-465D-8570-B4C6834CD031}.Debug|Any CPU.Build.0 = Debug|Any CPU
		{2D695FDA-468E-465D-8570-B4C6834CD031}.Release|Any CPU.ActiveCfg = Release|Any CPU
		{2D695FDA-468E-465D-8570-B4C6834CD031}.Release|Any CPU.Build.0 = Release|Any CPU
	EndGlobalSection
	GlobalSection(SolutionProperties) = preSolution
		HideSolutionNode = FALSE
	EndGlobalSection
	GlobalSection(NestedProjects) = preSolution
		{FED974E8-A1B3-417D-8C92-E102CBB35F6E} = {65B784D9-6171-4519-BCF3-2ADBDAC85FA7}
		{7A5B980F-88B8-4414-A751-9BA173522C25} = {CFDDCD83-C30B-405C-A7C1-0C91DA4802DF}
		{2D695FDA-468E-465D-8570-B4C6834CD031} = {2F432FFF-C2F8-46AF-94BE-3EFCA81CEB43}
	EndGlobalSection
	GlobalSection(ExtensibilityGlobals) = postSolution
		SolutionGuid = {1A0EF69F-D0FD-4F33-B68B-56934C1ADD1C}
	EndGlobalSection
EndGlobal
